
Microsoft Visual Studio Solution File, Format Version 12.00
# Visual Studio Version 17
VisualStudioVersion = 17.8.34511.84
MinimumVisualStudioVersion = 10.0.40219.1
Project("{FAE04EC0-301F-11D3-BF4B-00C04F79EFBC}") = "BlazorApp01", "BlazorApp01\BlazorApp01.csproj", "{8B17603F-0D74-4F4D-A98A-403E2ECEDA8D}"
EndProject
Project("{FAE04EC0-301F-11D3-BF4B-00C04F79EFBC}") = "ConsoleApp01", "ConsoleApp01\ConsoleApp01.csproj", "{13088180-7852-49E6-A907-9B7100F6A412}"
EndProject
Global
	GlobalSection(SolutionConfigurationPlatforms) = preSolution
		Debug|Any CPU = Debug|Any CPU
		Release|Any CPU = Release|Any CPU
	EndGlobalSection
	GlobalSection(ProjectConfigurationPlatforms) = postSolution
		{8B17603F-0D74-4F4D-A98A-403E2ECEDA8D}.Debug|Any CPU.ActiveCfg = Debug|Any CPU
		{8B17603F-0D74-4F4D-A98A-403E2ECEDA8D}.Debug|Any CPU.Build.0 = Debug|Any CPU
		{8B17603F-0D74-4F4D-A98A-403E2ECEDA8D}.Release|Any CPU.ActiveCfg = Release|Any CPU
		{8B17603F-0D74-4F4D-A98A-403E2ECEDA8D}.Release|Any CPU.Build.0 = Release|Any CPU
		{13088180-7852-49E6-A907-9B7100F6A412}.Debug|Any CPU.ActiveCfg = Debug|Any CPU
		{13088180-7852-49E6-A907-9B7100F6A412}.Debug|Any CPU.Build.0 = Debug|Any CPU
		{13088180-7852-49E6-A907-9B7100F6A412}.Release|Any CPU.ActiveCfg = Release|Any CPU
		{13088180-7852-49E6-A907-9B7100F6A412}.Release|Any CPU.Build.0 = Release|Any CPU
	EndGlobalSection
	GlobalSection(SolutionProperties) = preSolution
		HideSolutionNode = FALSE
	EndGlobalSection
	GlobalSection(ExtensibilityGlobals) = postSolution
		SolutionGuid = {165C3CC4-5119-4865-B310-1A14F0604520}
	EndGlobalSection
EndGlobal
